// !$*UTF8*$!
{
	archiveVersion = 1;
	classes = {
	};
	objectVersion = 56;
	objects = {

/* Begin PBXBuildFile section */
		7DDD0F1829F3E5A800AC49F2 /* AppDelegate.swift in Sources */ = {isa = PBXBuildFile; fileRef = 7DDD0F1729F3E5A800AC49F2 /* AppDelegate.swift */; };
		7DDD0F1A29F3E5A800AC49F2 /* SceneDelegate.swift in Sources */ = {isa = PBXBuildFile; fileRef = 7DDD0F1929F3E5A800AC49F2 /* SceneDelegate.swift */; };
		7DDD0F1C29F3E5A800AC49F2 /* ViewController.swift in Sources */ = {isa = PBXBuildFile; fileRef = 7DDD0F1B29F3E5A800AC49F2 /* ViewController.swift */; };
		7DDD0F1F29F3E5A800AC49F2 /* Main.storyboard in Resources */ = {isa = PBXBuildFile; fileRef = 7DDD0F1D29F3E5A800AC49F2 /* Main.storyboard */; };
		7DDD0F2129F3E5A900AC49F2 /* Assets.xcassets in Resources */ = {isa = PBXBuildFile; fileRef = 7DDD0F2029F3E5A900AC49F2 /* Assets.xcassets */; };
		7DDD0F2429F3E5A900AC49F2 /* LaunchScreen.storyboard in Resources */ = {isa = PBXBuildFile; fileRef = 7DDD0F2229F3E5A900AC49F2 /* LaunchScreen.storyboard */; };
		7DDD0F5329F3ECAF00AC49F2 /* TinkoffSolutionsDS in Frameworks */ = {isa = PBXBuildFile; productRef = 7DDD0F5229F3ECAF00AC49F2 /* TinkoffSolutionsDS */; };
/* End PBXBuildFile section */

/* Begin PBXFileReference section */
		7DDD0F1429F3E5A800AC49F2 /* TinkoffSolutionsExample.app */ = {isa = PBXFileReference; explicitFileType = wrapper.application; includeInIndex = 0; path = TinkoffSolutionsExample.app; sourceTree = BUILT_PRODUCTS_DIR; };
		7DDD0F1729F3E5A800AC49F2 /* AppDelegate.swift */ = {isa = PBXFileReference; lastKnownFileType = sourcecode.swift; path = AppDelegate.swift; sourceTree = "<group>"; };
		7DDD0F1929F3E5A800AC49F2 /* SceneDelegate.swift */ = {isa = PBXFileReference; lastKnownFileType = sourcecode.swift; path = SceneDelegate.swift; sourceTree = "<group>"; };
		7DDD0F1B29F3E5A800AC49F2 /* ViewController.swift */ = {isa = PBXFileReference; lastKnownFileType = sourcecode.swift; path = ViewController.swift; sourceTree = "<group>"; };
		7DDD0F1E29F3E5A800AC49F2 /* Base */ = {isa = PBXFileReference; lastKnownFileType = file.storyboard; name = Base; path = Base.lproj/Main.storyboard; sourceTree = "<group>"; };
		7DDD0F2029F3E5A900AC49F2 /* Assets.xcassets */ = {isa = PBXFileReference; lastKnownFileType = folder.assetcatalog; path = Assets.xcassets; sourceTree = "<group>"; };
		7DDD0F2329F3E5A900AC49F2 /* Base */ = {isa = PBXFileReference; lastKnownFileType = file.storyboard; name = Base; path = Base.lproj/LaunchScreen.storyboard; sourceTree = "<group>"; };
		7DDD0F2B29F3E79000AC49F2 /* TinkoffSolutionsDS */ = {isa = PBXFileReference; lastKnownFileType = wrapper; name = TinkoffSolutionsDS; path = ..; sourceTree = "<group>"; };
		7DDD0F5429F3EDD300AC49F2 /* Info.plist */ = {isa = PBXFileReference; lastKnownFileType = text.plist.xml; path = Info.plist; sourceTree = "<group>"; };
/* End PBXFileReference section */

/* Begin PBXFrameworksBuildPhase section */
		7DDD0F1129F3E5A800AC49F2 /* Frameworks */ = {
			isa = PBXFrameworksBuildPhase;
			buildActionMask = 2147483647;
			files = (
				7DDD0F5329F3ECAF00AC49F2 /* TinkoffSolutionsDS in Frameworks */,
			);
			runOnlyForDeploymentPostprocessing = 0;
		};
/* End PBXFrameworksBuildPhase section */

/* Begin PBXGroup section */
		7DDD0F0B29F3E5A800AC49F2 = {
			isa = PBXGroup;
			children = (
				7DDD0F1629F3E5A800AC49F2 /* TinkoffSolutionsExample */,
				7DDD0F2B29F3E79000AC49F2 /* TinkoffSolutionsDS */,
				7DDD0F1529F3E5A800AC49F2 /* Products */,
				7DDD0F5129F3ECAF00AC49F2 /* Frameworks */,
			);
			sourceTree = "<group>";
		};
		7DDD0F1529F3E5A800AC49F2 /* Products */ = {
			isa = PBXGroup;
			children = (
				7DDD0F1429F3E5A800AC49F2 /* TinkoffSolutionsExample.app */,
			);
			name = Products;
			sourceTree = "<group>";
		};
		7DDD0F1629F3E5A800AC49F2 /* TinkoffSolutionsExample */ = {
			isa = PBXGroup;
			children = (
				7DDD0F1729F3E5A800AC49F2 /* AppDelegate.swift */,
				7DDD0F1929F3E5A800AC49F2 /* SceneDelegate.swift */,
				7DDD0F1B29F3E5A800AC49F2 /* ViewController.swift */,
				7DDD0F1D29F3E5A800AC49F2 /* Main.storyboard */,
				7DDD0F2029F3E5A900AC49F2 /* Assets.xcassets */,
				7DDD0F2229F3E5A900AC49F2 /* LaunchScreen.storyboard */,
				7DDD0F5429F3EDD300AC49F2 /* Info.plist */,
			);
			path = TinkoffSolutionsExample;
			sourceTree = "<group>";
		};
		7DDD0F5129F3ECAF00AC49F2 /* Frameworks */ = {
			isa = PBXGroup;
			children = (
			);
			name = Frameworks;
			sourceTree = "<group>";
		};
/* End PBXGroup section */

/* Begin PBXNativeTarget section */
		7DDD0F1329F3E5A800AC49F2 /* TinkoffSolutionsExample */ = {
			isa = PBXNativeTarget;
			buildConfigurationList = 7DDD0F2829F3E5A900AC49F2 /* Build configuration list for PBXNativeTarget "TinkoffSolutionsExample" */;
			buildPhases = (
				7DDD0F1029F3E5A800AC49F2 /* Sources */,
				7DDD0F1129F3E5A800AC49F2 /* Frameworks */,
				7DDD0F1229F3E5A800AC49F2 /* Resources */,
			);
			buildRules = (
			);
			dependencies = (
			);
			name = TinkoffSolutionsExample;
			packageProductDependencies = (
				7DDD0F5229F3ECAF00AC49F2 /* TinkoffSolutionsDS */,
			);
			productName = tfs;
			productReference = 7DDD0F1429F3E5A800AC49F2 /* TinkoffSolutionsExample.app */;
			productType = "com.apple.product-type.application";
		};
/* End PBXNativeTarget section */

/* Begin PBXProject section */
		7DDD0F0C29F3E5A800AC49F2 /* Project object */ = {
			isa = PBXProject;
			attributes = {
				BuildIndependentTargetsInParallel = 1;
				LastSwiftUpdateCheck = 1420;
				LastUpgradeCheck = 1420;
				TargetAttributes = {
					7DDD0F1329F3E5A800AC49F2 = {
						CreatedOnToolsVersion = 14.2;
					};
				};
			};
			buildConfigurationList = 7DDD0F0F29F3E5A800AC49F2 /* Build configuration list for PBXProject "TinkoffSolutionsExample" */;
			compatibilityVersion = "Xcode 14.0";
			developmentRegion = en;
			hasScannedForEncodings = 0;
			knownRegions = (
				en,
				Base,
			);
			mainGroup = 7DDD0F0B29F3E5A800AC49F2;
			productRefGroup = 7DDD0F1529F3E5A800AC49F2 /* Products */;
			projectDirPath = "";
			projectRoot = "";
			targets = (
				7DDD0F1329F3E5A800AC49F2 /* TinkoffSolutionsExample */,
			);
		};
/* End PBXProject section */

/* Begin PBXResourcesBuildPhase section */
		7DDD0F1229F3E5A800AC49F2 /* Resources */ = {
			isa = PBXResourcesBuildPhase;
			buildActionMask = 2147483647;
			files = (
				7DDD0F2429F3E5A900AC49F2 /* LaunchScreen.storyboard in Resources */,
				7DDD0F2129F3E5A900AC49F2 /* Assets.xcassets in Resources */,
				7DDD0F1F29F3E5A800AC49F2 /* Main.storyboard in Resources */,
			);
			runOnlyForDeploymentPostprocessing = 0;
		};
/* End PBXResourcesBuildPhase section */

/* Begin PBXSourcesBuildPhase section */
		7DDD0F1029F3E5A800AC49F2 /* Sources */ = {
			isa = PBXSourcesBuildPhase;
			buildActionMask = 2147483647;
			files = (
				7DDD0F1C29F3E5A800AC49F2 /* ViewController.swift in Sources */,
				7DDD0F1829F3E5A800AC49F2 /* AppDelegate.swift in Sources */,
				7DDD0F1A29F3E5A800AC49F2 /* SceneDelegate.swift in Sources */,
			);
			runOnlyForDeploymentPostprocessing = 0;
		};
/* End PBXSourcesBuildPhase section */

/* Begin PBXVariantGroup section */
		7DDD0F1D29F3E5A800AC49F2 /* Main.storyboard */ = {
			isa = PBXVariantGroup;
			children = (
				7DDD0F1E29F3E5A800AC49F2 /* Base */,
			);
			name = Main.storyboard;
			sourceTree = "<group>";
		};
		7DDD0F2229F3E5A900AC49F2 /* LaunchScreen.storyboard */ = {
			isa = PBXVariantGroup;
			children = (
				7DDD0F2329F3E5A900AC49F2 /* Base */,
			);
			name = LaunchScreen.storyboard;
			sourceTree = "<group>";
		};
/* End PBXVariantGroup section */

/* Begin XCBuildConfiguration section */
		7DDD0F2629F3E5A900AC49F2 /* Debug */ = {
			isa = XCBuildConfiguration;
			buildSettings = {
				ALWAYS_SEARCH_USER_PATHS = NO;
				CLANG_ANALYZER_NONNULL = YES;
				CLANG_ANALYZER_NUMBER_OBJECT_CONVERSION = YES_AGGRESSIVE;
				CLANG_CXX_LANGUAGE_STANDARD = "gnu++20";
				CLANG_ENABLE_MODULES = YES;
				CLANG_ENABLE_OBJC_ARC = YES;
				CLANG_ENABLE_OBJC_WEAK = YES;
				CLANG_WARN_BLOCK_CAPTURE_AUTORELEASING = YES;
				CLANG_WARN_BOOL_CONVERSION = YES;
				CLANG_WARN_COMMA = YES;
				CLANG_WARN_CONSTANT_CONVERSION = YES;
				CLANG_WARN_DEPRECATED_OBJC_IMPLEMENTATIONS = YES;
				CLANG_WARN_DIRECT_OBJC_ISA_USAGE = YES_ERROR;
				CLANG_WARN_DOCUMENTATION_COMMENTS = YES;
				CLANG_WARN_EMPTY_BODY = YES;
				CLANG_WARN_ENUM_CONVERSION = YES;
				CLANG_WARN_INFINITE_RECURSION = YES;
				CLANG_WARN_INT_CONVERSION = YES;
				CLANG_WARN_NON_LITERAL_NULL_CONVERSION = YES;
				CLANG_WARN_OBJC_IMPLICIT_RETAIN_SELF = YES;
				CLANG_WARN_OBJC_LITERAL_CONVERSION = YES;
				CLANG_WARN_OBJC_ROOT_CLASS = YES_ERROR;
				CLANG_WARN_QUOTED_INCLUDE_IN_FRAMEWORK_HEADER = YES;
				CLANG_WARN_RANGE_LOOP_ANALYSIS = YES;
				CLANG_WARN_STRICT_PROTOTYPES = YES;
				CLANG_WARN_SUSPICIOUS_MOVE = YES;
				CLANG_WARN_UNGUARDED_AVAILABILITY = YES_AGGRESSIVE;
				CLANG_WARN_UNREACHABLE_CODE = YES;
				CLANG_WARN__DUPLICATE_METHOD_MATCH = YES;
				COPY_PHASE_STRIP = NO;
				DEBUG_INFORMATION_FORMAT = dwarf;
				ENABLE_STRICT_OBJC_MSGSEND = YES;
				ENABLE_TESTABILITY = YES;
				GCC_C_LANGUAGE_STANDARD = gnu11;
				GCC_DYNAMIC_NO_PIC = NO;
				GCC_NO_COMMON_BLOCKS = YES;
				GCC_OPTIMIZATION_LEVEL = 0;
				GCC_PREPROCESSOR_DEFINITIONS = (
					"DEBUG=1",
					"$(inherited)",
				);
				GCC_WARN_64_TO_32_BIT_CONVERSION = YES;
				GCC_WARN_ABOUT_RETURN_TYPE = YES_ERROR;
				GCC_WARN_UNDECLARED_SELECTOR = YES;
				GCC_WARN_UNINITIALIZED_AUTOS = YES_AGGRESSIVE;
				GCC_WARN_UNUSED_FUNCTION = YES;
				GCC_WARN_UNUSED_VARIABLE = YES;
				IPHONEOS_DEPLOYMENT_TARGET = 14.0;
				MTL_ENABLE_DEBUG_INFO = INCLUDE_SOURCE;
				MTL_FAST_MATH = YES;
				ONLY_ACTIVE_ARCH = YES;
				SDKROOT = iphoneos;
				SWIFT_ACTIVE_COMPILATION_CONDITIONS = DEBUG;
				SWIFT_OPTIMIZATION_LEVEL = "-Onone";
			};
			name = Debug;
		};
		7DDD0F2729F3E5A900AC49F2 /* Release */ = {
			isa = XCBuildConfiguration;
			buildSettings = {
				ALWAYS_SEARCH_USER_PATHS = NO;
				CLANG_ANALYZER_NONNULL = YES;
				CLANG_ANALYZER_NUMBER_OBJECT_CONVERSION = YES_AGGRESSIVE;
				CLANG_CXX_LANGUAGE_STANDARD = "gnu++20";
				CLANG_ENABLE_MODULES = YES;
				CLANG_ENABLE_OBJC_ARC = YES;
				CLANG_ENABLE_OBJC_WEAK = YES;
				CLANG_WARN_BLOCK_CAPTURE_AUTORELEASING = YES;
				CLANG_WARN_BOOL_CONVERSION = YES;
				CLANG_WARN_COMMA = YES;
				CLANG_WARN_CONSTANT_CONVERSION = YES;
				CLANG_WARN_DEPRECATED_OBJC_IMPLEMENTATIONS = YES;
				CLANG_WARN_DIRECT_OBJC_ISA_USAGE = YES_ERROR;
				CLANG_WARN_DOCUMENTATION_COMMENTS = YES;
				CLANG_WARN_EMPTY_BODY = YES;
				CLANG_WARN_ENUM_CONVERSION = YES;
				CLANG_WARN_INFINITE_RECURSION = YES;
				CLANG_WARN_INT_CONVERSION = YES;
				CLANG_WARN_NON_LITERAL_NULL_CONVERSION = YES;
				CLANG_WARN_OBJC_IMPLICIT_RETAIN_SELF = YES;
				CLANG_WARN_OBJC_LITERAL_CONVERSION = YES;
				CLANG_WARN_OBJC_ROOT_CLASS = YES_ERROR;
				CLANG_WARN_QUOTED_INCLUDE_IN_FRAMEWORK_HEADER = YES;
				CLANG_WARN_RANGE_LOOP_ANALYSIS = YES;
				CLANG_WARN_STRICT_PROTOTYPES = YES;
				CLANG_WARN_SUSPICIOUS_MOVE = YES;
				CLANG_WARN_UNGUARDED_AVAILABILITY = YES_AGGRESSIVE;
				CLANG_WARN_UNREACHABLE_CODE = YES;
				CLANG_WARN__DUPLICATE_METHOD_MATCH = YES;
				COPY_PHASE_STRIP = NO;
				DEBUG_INFORMATION_FORMAT = "dwarf-with-dsym";
				ENABLE_NS_ASSERTIONS = NO;
				ENABLE_STRICT_OBJC_MSGSEND = YES;
				GCC_C_LANGUAGE_STANDARD = gnu11;
				GCC_NO_COMMON_BLOCKS = YES;
				GCC_WARN_64_TO_32_BIT_CONVERSION = YES;
				GCC_WARN_ABOUT_RETURN_TYPE = YES_ERROR;
				GCC_WARN_UNDECLARED_SELECTOR = YES;
				GCC_WARN_UNINITIALIZED_AUTOS = YES_AGGRESSIVE;
				GCC_WARN_UNUSED_FUNCTION = YES;
				GCC_WARN_UNUSED_VARIABLE = YES;
				IPHONEOS_DEPLOYMENT_TARGET = 14.0;
				MTL_ENABLE_DEBUG_INFO = NO;
				MTL_FAST_MATH = YES;
				SDKROOT = iphoneos;
				SWIFT_COMPILATION_MODE = wholemodule;
				SWIFT_OPTIMIZATION_LEVEL = "-O";
				VALIDATE_PRODUCT = YES;
			};
			name = Release;
		};
		7DDD0F2929F3E5A900AC49F2 /* Debug */ = {
			isa = XCBuildConfiguration;
			buildSettings = {
				ASSETCATALOG_COMPILER_APPICON_NAME = AppIcon;
				ASSETCATALOG_COMPILER_GLOBAL_ACCENT_COLOR_NAME = AccentColor;
				CODE_SIGN_STYLE = Automatic;
				CURRENT_PROJECT_VERSION = 1;
				DEVELOPMENT_TEAM = P99365D2RC;
				GENERATE_INFOPLIST_FILE = YES;
				INFOPLIST_FILE = TinkoffSolutionsExample/Info.plist;
				INFOPLIST_KEY_UIApplicationSupportsIndirectInputEvents = YES;
				INFOPLIST_KEY_UILaunchStoryboardName = LaunchScreen;
				INFOPLIST_KEY_UIMainStoryboardFile = Main;
				INFOPLIST_KEY_UISupportedInterfaceOrientations_iPad = "UIInterfaceOrientationPortrait UIInterfaceOrientationPortraitUpsideDown UIInterfaceOrientationLandscapeLeft UIInterfaceOrientationLandscapeRight";
				INFOPLIST_KEY_UISupportedInterfaceOrientations_iPhone = "UIInterfaceOrientationPortrait UIInterfaceOrientationLandscapeLeft UIInterfaceOrientationLandscapeRight";
				IPHONEOS_DEPLOYMENT_TARGET = 14.0;
				LD_RUNPATH_SEARCH_PATHS = (
					"$(inherited)",
					"@executable_path/Frameworks",
				);
				MARKETING_VERSION = 1.0;
				PRODUCT_BUNDLE_IDENTIFIER = fnsjdfndsnj.tfs;
				PRODUCT_NAME = "$(TARGET_NAME)";
				SWIFT_EMIT_LOC_STRINGS = YES;
				SWIFT_VERSION = 5.0;
				TARGETED_DEVICE_FAMILY = "1,2";
			};
			name = Debug;
		};
		7DDD0F2A29F3E5A900AC49F2 /* Release */ = {
			isa = XCBuildConfiguration;
			buildSettings = {
				ASSETCATALOG_COMPILER_APPICON_NAME = AppIcon;
				ASSETCATALOG_COMPILER_GLOBAL_ACCENT_COLOR_NAME = AccentColor;
				CODE_SIGN_STYLE = Automatic;
				CURRENT_PROJECT_VERSION = 1;
				DEVELOPMENT_TEAM = P99365D2RC;
				GENERATE_INFOPLIST_FILE = YES;
				INFOPLIST_FILE = TinkoffSolutionsExample/Info.plist;
				INFOPLIST_KEY_UIApplicationSupportsIndirectInputEvents = YES;
				INFOPLIST_KEY_UILaunchStoryboardName = LaunchScreen;
				INFOPLIST_KEY_UIMainStoryboardFile = Main;
				INFOPLIST_KEY_UISupportedInterfaceOrientations_iPad = "UIInterfaceOrientationPortrait UIInterfaceOrientationPortraitUpsideDown UIInterfaceOrientationLandscapeLeft UIInterfaceOrientationLandscapeRight";
				INFOPLIST_KEY_UISupportedInterfaceOrientations_iPhone = "UIInterfaceOrientationPortrait UIInterfaceOrientationLandscapeLeft UIInterfaceOrientationLandscapeRight";
				IPHONEOS_DEPLOYMENT_TARGET = 14.0;
				LD_RUNPATH_SEARCH_PATHS = (
					"$(inherited)",
					"@executable_path/Frameworks",
				);
				MARKETING_VERSION = 1.0;
				PRODUCT_BUNDLE_IDENTIFIER = fnsjdfndsnj.tfs;
				PRODUCT_NAME = "$(TARGET_NAME)";
				SWIFT_EMIT_LOC_STRINGS = YES;
				SWIFT_VERSION = 5.0;
				TARGETED_DEVICE_FAMILY = "1,2";
			};
			name = Release;
		};
/* End XCBuildConfiguration section */

/* Begin XCConfigurationList section */
		7DDD0F0F29F3E5A800AC49F2 /* Build configuration list for PBXProject "TinkoffSolutionsExample" */ = {
			isa = XCConfigurationList;
			buildConfigurations = (
				7DDD0F2629F3E5A900AC49F2 /* Debug */,
				7DDD0F2729F3E5A900AC49F2 /* Release */,
			);
			defaultConfigurationIsVisible = 0;
			defaultConfigurationName = Release;
		};
		7DDD0F2829F3E5A900AC49F2 /* Build configuration list for PBXNativeTarget "TinkoffSolutionsExample" */ = {
			isa = XCConfigurationList;
			buildConfigurations = (
				7DDD0F2929F3E5A900AC49F2 /* Debug */,
				7DDD0F2A29F3E5A900AC49F2 /* Release */,
			);
			defaultConfigurationIsVisible = 0;
			defaultConfigurationName = Release;
		};
/* End XCConfigurationList section */

/* Begin XCSwiftPackageProductDependency section */
		7DDD0F5229F3ECAF00AC49F2 /* TinkoffSolutionsDS */ = {
			isa = XCSwiftPackageProductDependency;
			productName = TinkoffSolutionsDS;
		};
/* End XCSwiftPackageProductDependency section */
	};
	rootObject = 7DDD0F0C29F3E5A800AC49F2 /* Project object */;
}
